
Microsoft Visual Studio Solution File, Format Version 12.00
# Visual Studio 2013
VisualStudioVersion = 12.0.31101.0
MinimumVisualStudioVersion = 10.0.40219.1
Project("{2150E333-8FDC-42A3-9474-1A3956D46DE8}") = "Test", "Test", "{328CB8EE-D665-4EA5-86E4-CD1F58735900}"
EndProject
Project("{2150E333-8FDC-42A3-9474-1A3956D46DE8}") = "Program", "Program", "{BA04EE58-8BCF-41DA-963A-6434896F7956}"
EndProject
Project("{2150E333-8FDC-42A3-9474-1A3956D46DE8}") = "Plugins", "Plugins", "{757308C5-6BB2-4D6C-813B-B76172D703C4}"
EndProject
Project("{FAE04EC0-301F-11D3-BF4B-00C04F79EFBC}") = "PluginContracts", "Program\PluginContracts\PluginContracts.csproj", "{FD0DAF54-09DA-4102-B227-F8CA593C4D24}"
EndProject
Project("{FAE04EC0-301F-11D3-BF4B-00C04F79EFBC}") = "Utils", "Program\Utils\Utils.csproj", "{A66801B5-C66C-4167-946F-51C15F396A0C}"
EndProject
Project("{FAE04EC0-301F-11D3-BF4B-00C04F79EFBC}") = "DesktopClient", "Program\Client\DesktopClient.csproj", "{2A06F37B-47AD-4FD0-B9CF-1BB5C1AE3448}"
EndProject
Project("{FAE04EC0-301F-11D3-BF4B-00C04F79EFBC}") = "SecondPlugin.UnitTest", "Test\SecondPlugin.UnitTest\SecondPlugin.UnitTest.csproj", "{FDC4649B-7FC5-4281-A66A-12EE188EEBE1}"
EndProject
Project("{FAE04EC0-301F-11D3-BF4B-00C04F79EFBC}") = "DesktopClient.UnitTest", "Test\TextViewModel.UnitTest\DesktopClient.UnitTest.csproj", "{3CD306E5-7B5A-471F-BC5E-B2EE00F466D0}"
EndProject
Project("{FAE04EC0-301F-11D3-BF4B-00C04F79EFBC}") = "CodeTemplatePlugin", "Plugins\CodeTemplatePlugin\CodeTemplatePlugin.csproj", "{12671ECF-AFA7-4F2E-9456-FB7F7B189650}"
EndProject
Project("{FAE04EC0-301F-11D3-BF4B-00C04F79EFBC}") = "AutoSavePlugin", "Plugins\AutoSavePlugin\AutoSavePlugin.csproj", "{49C2CC86-6D27-4263-AD8C-BAC5B3A55C5C}"
EndProject
Global
	GlobalSection(SolutionConfigurationPlatforms) = preSolution
		Debug|Any CPU = Debug|Any CPU
		Release|Any CPU = Release|Any CPU
	EndGlobalSection
	GlobalSection(ProjectConfigurationPlatforms) = postSolution
		{FD0DAF54-09DA-4102-B227-F8CA593C4D24}.Debug|Any CPU.ActiveCfg = Debug|Any CPU
		{FD0DAF54-09DA-4102-B227-F8CA593C4D24}.Debug|Any CPU.Build.0 = Debug|Any CPU
		{FD0DAF54-09DA-4102-B227-F8CA593C4D24}.Release|Any CPU.ActiveCfg = Release|Any CPU
		{FD0DAF54-09DA-4102-B227-F8CA593C4D24}.Release|Any CPU.Build.0 = Release|Any CPU
		{A66801B5-C66C-4167-946F-51C15F396A0C}.Debug|Any CPU.ActiveCfg = Debug|Any CPU
		{A66801B5-C66C-4167-946F-51C15F396A0C}.Debug|Any CPU.Build.0 = Debug|Any CPU
		{A66801B5-C66C-4167-946F-51C15F396A0C}.Release|Any CPU.ActiveCfg = Release|Any CPU
		{A66801B5-C66C-4167-946F-51C15F396A0C}.Release|Any CPU.Build.0 = Release|Any CPU
		{2A06F37B-47AD-4FD0-B9CF-1BB5C1AE3448}.Debug|Any CPU.ActiveCfg = Debug|Any CPU
		{2A06F37B-47AD-4FD0-B9CF-1BB5C1AE3448}.Debug|Any CPU.Build.0 = Debug|Any CPU
		{2A06F37B-47AD-4FD0-B9CF-1BB5C1AE3448}.Release|Any CPU.ActiveCfg = Release|Any CPU
		{2A06F37B-47AD-4FD0-B9CF-1BB5C1AE3448}.Release|Any CPU.Build.0 = Release|Any CPU
		{FDC4649B-7FC5-4281-A66A-12EE188EEBE1}.Debug|Any CPU.ActiveCfg = Debug|Any CPU
		{FDC4649B-7FC5-4281-A66A-12EE188EEBE1}.Debug|Any CPU.Build.0 = Debug|Any CPU
		{FDC4649B-7FC5-4281-A66A-12EE188EEBE1}.Release|Any CPU.ActiveCfg = Release|Any CPU
		{FDC4649B-7FC5-4281-A66A-12EE188EEBE1}.Release|Any CPU.Build.0 = Release|Any CPU
		{3CD306E5-7B5A-471F-BC5E-B2EE00F466D0}.Debug|Any CPU.ActiveCfg = Debug|Any CPU
		{3CD306E5-7B5A-471F-BC5E-B2EE00F466D0}.Debug|Any CPU.Build.0 = Debug|Any CPU
		{3CD306E5-7B5A-471F-BC5E-B2EE00F466D0}.Release|Any CPU.ActiveCfg = Release|Any CPU
		{3CD306E5-7B5A-471F-BC5E-B2EE00F466D0}.Release|Any CPU.Build.0 = Release|Any CPU
		{12671ECF-AFA7-4F2E-9456-FB7F7B189650}.Debug|Any CPU.ActiveCfg = Debug|Any CPU
		{12671ECF-AFA7-4F2E-9456-FB7F7B189650}.Debug|Any CPU.Build.0 = Debug|Any CPU
		{12671ECF-AFA7-4F2E-9456-FB7F7B189650}.Release|Any CPU.ActiveCfg = Release|Any CPU
		{12671ECF-AFA7-4F2E-9456-FB7F7B189650}.Release|Any CPU.Build.0 = Release|Any CPU
		{49C2CC86-6D27-4263-AD8C-BAC5B3A55C5C}.Debug|Any CPU.ActiveCfg = Debug|Any CPU
		{49C2CC86-6D27-4263-AD8C-BAC5B3A55C5C}.Debug|Any CPU.Build.0 = Debug|Any CPU
		{49C2CC86-6D27-4263-AD8C-BAC5B3A55C5C}.Release|Any CPU.ActiveCfg = Release|Any CPU
		{49C2CC86-6D27-4263-AD8C-BAC5B3A55C5C}.Release|Any CPU.Build.0 = Release|Any CPU
	EndGlobalSection
	GlobalSection(SolutionProperties) = preSolution
		HideSolutionNode = FALSE
	EndGlobalSection
	GlobalSection(NestedProjects) = preSolution
		{FD0DAF54-09DA-4102-B227-F8CA593C4D24} = {BA04EE58-8BCF-41DA-963A-6434896F7956}
		{A66801B5-C66C-4167-946F-51C15F396A0C} = {BA04EE58-8BCF-41DA-963A-6434896F7956}
		{2A06F37B-47AD-4FD0-B9CF-1BB5C1AE3448} = {BA04EE58-8BCF-41DA-963A-6434896F7956}
		{FDC4649B-7FC5-4281-A66A-12EE188EEBE1} = {328CB8EE-D665-4EA5-86E4-CD1F58735900}
		{3CD306E5-7B5A-471F-BC5E-B2EE00F466D0} = {328CB8EE-D665-4EA5-86E4-CD1F58735900}
		{12671ECF-AFA7-4F2E-9456-FB7F7B189650} = {757308C5-6BB2-4D6C-813B-B76172D703C4}
		{49C2CC86-6D27-4263-AD8C-BAC5B3A55C5C} = {757308C5-6BB2-4D6C-813B-B76172D703C4}
	EndGlobalSection
EndGlobal
